// !$*UTF8*$!
{
	archiveVersion = 1;
	classes = {
	};
	objectVersion = 46;
	objects = {

/* Begin PBXBuildFile section */
		9656D4971E13694F0044CBF2 /* WaterFLayout.m in Sources */ = {isa = PBXBuildFile; fileRef = 9656D4961E13694F0044CBF2 /* WaterFLayout.m */; };
		966EC3071E11FA44002E5952 /* main.m in Sources */ = {isa = PBXBuildFile; fileRef = 966EC3061E11FA44002E5952 /* main.m */; };
		966EC30A1E11FA44002E5952 /* AppDelegate.m in Sources */ = {isa = PBXBuildFile; fileRef = 966EC3091E11FA44002E5952 /* AppDelegate.m */; };
		966EC30D1E11FA44002E5952 /* SearchTypeViewController.m in Sources */ = {isa = PBXBuildFile; fileRef = 966EC30C1E11FA44002E5952 /* SearchTypeViewController.m */; };
		966EC3101E11FA44002E5952 /* Main.storyboard in Resources */ = {isa = PBXBuildFile; fileRef = 966EC30E1E11FA44002E5952 /* Main.storyboard */; };
		966EC3121E11FA44002E5952 /* Assets.xcassets in Resources */ = {isa = PBXBuildFile; fileRef = 966EC3111E11FA44002E5952 /* Assets.xcassets */; };
		966EC3151E11FA44002E5952 /* LaunchScreen.storyboard in Resources */ = {isa = PBXBuildFile; fileRef = 966EC3131E11FA44002E5952 /* LaunchScreen.storyboard */; };
		966EC3201E11FA44002E5952 /* searchViewTests.m in Sources */ = {isa = PBXBuildFile; fileRef = 966EC31F1E11FA44002E5952 /* searchViewTests.m */; };
		966EC32B1E11FA44002E5952 /* searchViewUITests.m in Sources */ = {isa = PBXBuildFile; fileRef = 966EC32A1E11FA44002E5952 /* searchViewUITests.m */; };
		966EC34A1E11FC4E002E5952 /* PYSearch.bundle in Resources */ = {isa = PBXBuildFile; fileRef = 966EC33B1E11FC4E002E5952 /* PYSearch.bundle */; };
		966EC34B1E11FC4E002E5952 /* PYSearchConst.m in Sources */ = {isa = PBXBuildFile; fileRef = 966EC33E1E11FC4E002E5952 /* PYSearchConst.m */; };
		966EC34C1E11FC4E002E5952 /* PYSearchSuggestionViewController.m in Sources */ = {isa = PBXBuildFile; fileRef = 966EC3401E11FC4E002E5952 /* PYSearchSuggestionViewController.m */; };
		966EC34D1E11FC4E002E5952 /* PYSearchViewController.m in Sources */ = {isa = PBXBuildFile; fileRef = 966EC3421E11FC4E002E5952 /* PYSearchViewController.m */; };
		966EC34E1E11FC4E002E5952 /* PYTempViewController.m in Sources */ = {isa = PBXBuildFile; fileRef = 966EC3441E11FC4E002E5952 /* PYTempViewController.m */; };
		966EC34F1E11FC4E002E5952 /* UIColor+PYSearchExtension.m in Sources */ = {isa = PBXBuildFile; fileRef = 966EC3461E11FC4E002E5952 /* UIColor+PYSearchExtension.m */; };
		966EC3501E11FC4E002E5952 /* UIView+PYSearchExtension.m in Sources */ = {isa = PBXBuildFile; fileRef = 966EC3481E11FC4E002E5952 /* UIView+PYSearchExtension.m */; };
		966EC3551E1259D4002E5952 /* icon_lishi@2x.png in Resources */ = {isa = PBXBuildFile; fileRef = 966EC3511E1259D4002E5952 /* icon_lishi@2x.png */; };
		966EC3561E1259D4002E5952 /* icon_lishi@3x.png in Resources */ = {isa = PBXBuildFile; fileRef = 966EC3521E1259D4002E5952 /* icon_lishi@3x.png */; };
		966EC3571E1259D4002E5952 /* icon_remen@2x.png in Resources */ = {isa = PBXBuildFile; fileRef = 966EC3531E1259D4002E5952 /* icon_remen@2x.png */; };
		966EC3581E1259D4002E5952 /* icon_remen@3x.png in Resources */ = {isa = PBXBuildFile; fileRef = 966EC3541E1259D4002E5952 /* icon_remen@3x.png */; };
		966EC35B1E125D2D002E5952 /* icon_del@2x.png in Resources */ = {isa = PBXBuildFile; fileRef = 966EC3591E125D2D002E5952 /* icon_del@2x.png */; };
		966EC35C1E125D2D002E5952 /* icon_del@3x.png in Resources */ = {isa = PBXBuildFile; fileRef = 966EC35A1E125D2D002E5952 /* icon_del@3x.png */; };
/* End PBXBuildFile section */

/* Begin PBXContainerItemProxy section */
		966EC31C1E11FA44002E5952 /* PBXContainerItemProxy */ = {
			isa = PBXContainerItemProxy;
			containerPortal = 966EC2FA1E11FA44002E5952 /* Project object */;
			proxyType = 1;
			remoteGlobalIDString = 966EC3011E11FA44002E5952;
			remoteInfo = searchView;
		};
		966EC3271E11FA44002E5952 /* PBXContainerItemProxy */ = {
			isa = PBXContainerItemProxy;
			containerPortal = 966EC2FA1E11FA44002E5952 /* Project object */;
			proxyType = 1;
			remoteGlobalIDString = 966EC3011E11FA44002E5952;
			remoteInfo = searchView;
		};
/* End PBXContainerItemProxy section */

/* Begin PBXFileReference section */
		9656D4951E13694F0044CBF2 /* WaterFLayout.h */ = {isa = PBXFileReference; fileEncoding = 4; lastKnownFileType = sourcecode.c.h; path = WaterFLayout.h; sourceTree = "<group>"; };
		9656D4961E13694F0044CBF2 /* WaterFLayout.m */ = {isa = PBXFileReference; fileEncoding = 4; lastKnownFileType = sourcecode.c.objc; path = WaterFLayout.m; sourceTree = "<group>"; };
		966EC3021E11FA44002E5952 /* searchView.app */ = {isa = PBXFileReference; explicitFileType = wrapper.application; includeInIndex = 0; path = searchView.app; sourceTree = BUILT_PRODUCTS_DIR; };
		966EC3061E11FA44002E5952 /* main.m */ = {isa = PBXFileReference; lastKnownFileType = sourcecode.c.objc; path = main.m; sourceTree = "<group>"; };
		966EC3081E11FA44002E5952 /* AppDelegate.h */ = {isa = PBXFileReference; lastKnownFileType = sourcecode.c.h; path = AppDelegate.h; sourceTree = "<group>"; };
		966EC3091E11FA44002E5952 /* AppDelegate.m */ = {isa = PBXFileReference; lastKnownFileType = sourcecode.c.objc; path = AppDelegate.m; sourceTree = "<group>"; };
		966EC30B1E11FA44002E5952 /* SearchTypeViewController.h */ = {isa = PBXFileReference; lastKnownFileType = sourcecode.c.h; path = SearchTypeViewController.h; sourceTree = "<group>"; };
		966EC30C1E11FA44002E5952 /* SearchTypeViewController.m */ = {isa = PBXFileReference; lastKnownFileType = sourcecode.c.objc; path = SearchTypeViewController.m; sourceTree = "<group>"; };
		966EC30F1E11FA44002E5952 /* Base */ = {isa = PBXFileReference; lastKnownFileType = file.storyboard; name = Base; path = Base.lproj/Main.storyboard; sourceTree = "<group>"; };
		966EC3111E11FA44002E5952 /* Assets.xcassets */ = {isa = PBXFileReference; lastKnownFileType = folder.assetcatalog; path = Assets.xcassets; sourceTree = "<group>"; };
		966EC3141E11FA44002E5952 /* Base */ = {isa = PBXFileReference; lastKnownFileType = file.storyboard; name = Base; path = Base.lproj/LaunchScreen.storyboard; sourceTree = "<group>"; };
		966EC3161E11FA44002E5952 /* Info.plist */ = {isa = PBXFileReference; lastKnownFileType = text.plist.xml; path = Info.plist; sourceTree = "<group>"; };
		966EC31B1E11FA44002E5952 /* searchViewTests.xctest */ = {isa = PBXFileReference; explicitFileType = wrapper.cfbundle; includeInIndex = 0; path = searchViewTests.xctest; sourceTree = BUILT_PRODUCTS_DIR; };
		966EC31F1E11FA44002E5952 /* searchViewTests.m */ = {isa = PBXFileReference; lastKnownFileType = sourcecode.c.objc; path = searchViewTests.m; sourceTree = "<group>"; };
		966EC3211E11FA44002E5952 /* Info.plist */ = {isa = PBXFileReference; lastKnownFileType = text.plist.xml; path = Info.plist; sourceTree = "<group>"; };
		966EC3261E11FA44002E5952 /* searchViewUITests.xctest */ = {isa = PBXFileReference; explicitFileType = wrapper.cfbundle; includeInIndex = 0; path = searchViewUITests.xctest; sourceTree = BUILT_PRODUCTS_DIR; };
		966EC32A1E11FA44002E5952 /* searchViewUITests.m */ = {isa = PBXFileReference; lastKnownFileType = sourcecode.c.objc; path = searchViewUITests.m; sourceTree = "<group>"; };
		966EC32C1E11FA44002E5952 /* Info.plist */ = {isa = PBXFileReference; lastKnownFileType = text.plist.xml; path = Info.plist; sourceTree = "<group>"; };
		966EC33B1E11FC4E002E5952 /* PYSearch.bundle */ = {isa = PBXFileReference; lastKnownFileType = "wrapper.plug-in"; path = PYSearch.bundle; sourceTree = "<group>"; };
		966EC33C1E11FC4E002E5952 /* PYSearch.h */ = {isa = PBXFileReference; fileEncoding = 4; lastKnownFileType = sourcecode.c.h; path = PYSearch.h; sourceTree = "<group>"; };
		966EC33D1E11FC4E002E5952 /* PYSearchConst.h */ = {isa = PBXFileReference; fileEncoding = 4; lastKnownFileType = sourcecode.c.h; path = PYSearchConst.h; sourceTree = "<group>"; };
		966EC33E1E11FC4E002E5952 /* PYSearchConst.m */ = {isa = PBXFileReference; fileEncoding = 4; lastKnownFileType = sourcecode.c.objc; path = PYSearchConst.m; sourceTree = "<group>"; };
		966EC33F1E11FC4E002E5952 /* PYSearchSuggestionViewController.h */ = {isa = PBXFileReference; fileEncoding = 4; lastKnownFileType = sourcecode.c.h; path = PYSearchSuggestionViewController.h; sourceTree = "<group>"; };
		966EC3401E11FC4E002E5952 /* PYSearchSuggestionViewController.m */ = {isa = PBXFileReference; fileEncoding = 4; lastKnownFileType = sourcecode.c.objc; path = PYSearchSuggestionViewController.m; sourceTree = "<group>"; };
		966EC3411E11FC4E002E5952 /* PYSearchViewController.h */ = {isa = PBXFileReference; fileEncoding = 4; lastKnownFileType = sourcecode.c.h; path = PYSearchViewController.h; sourceTree = "<group>"; };
		966EC3421E11FC4E002E5952 /* PYSearchViewController.m */ = {isa = PBXFileReference; fileEncoding = 4; lastKnownFileType = sourcecode.c.objc; path = PYSearchViewController.m; sourceTree = "<group>"; };
		966EC3431E11FC4E002E5952 /* PYTempViewController.h */ = {isa = PBXFileReference; fileEncoding = 4; lastKnownFileType = sourcecode.c.h; path = PYTempViewController.h; sourceTree = "<group>"; };
		966EC3441E11FC4E002E5952 /* PYTempViewController.m */ = {isa = PBXFileReference; fileEncoding = 4; lastKnownFileType = sourcecode.c.objc; path = PYTempViewController.m; sourceTree = "<group>"; };
		966EC3451E11FC4E002E5952 /* UIColor+PYSearchExtension.h */ = {isa = PBXFileReference; fileEncoding = 4; lastKnownFileType = sourcecode.c.h; path = "UIColor+PYSearchExtension.h"; sourceTree = "<group>"; };
		966EC3461E11FC4E002E5952 /* UIColor+PYSearchExtension.m */ = {isa = PBXFileReference; fileEncoding = 4; lastKnownFileType = sourcecode.c.objc; path = "UIColor+PYSearchExtension.m"; sourceTree = "<group>"; };
		966EC3471E11FC4E002E5952 /* UIView+PYSearchExtension.h */ = {isa = PBXFileReference; fileEncoding = 4; lastKnownFileType = sourcecode.c.h; path = "UIView+PYSearchExtension.h"; sourceTree = "<group>"; };
		966EC3481E11FC4E002E5952 /* UIView+PYSearchExtension.m */ = {isa = PBXFileReference; fileEncoding = 4; lastKnownFileType = sourcecode.c.objc; path = "UIView+PYSearchExtension.m"; sourceTree = "<group>"; };
		966EC3511E1259D4002E5952 /* icon_lishi@2x.png */ = {isa = PBXFileReference; lastKnownFileType = image.png; path = "icon_lishi@2x.png"; sourceTree = "<group>"; };
		966EC3521E1259D4002E5952 /* icon_lishi@3x.png */ = {isa = PBXFileReference; lastKnownFileType = image.png; path = "icon_lishi@3x.png"; sourceTree = "<group>"; };
		966EC3531E1259D4002E5952 /* icon_remen@2x.png */ = {isa = PBXFileReference; lastKnownFileType = image.png; path = "icon_remen@2x.png"; sourceTree = "<group>"; };
		966EC3541E1259D4002E5952 /* icon_remen@3x.png */ = {isa = PBXFileReference; lastKnownFileType = image.png; path = "icon_remen@3x.png"; sourceTree = "<group>"; };
		966EC3591E125D2D002E5952 /* icon_del@2x.png */ = {isa = PBXFileReference; lastKnownFileType = image.png; path = "icon_del@2x.png"; sourceTree = "<group>"; };
		966EC35A1E125D2D002E5952 /* icon_del@3x.png */ = {isa = PBXFileReference; lastKnownFileType = image.png; path = "icon_del@3x.png"; sourceTree = "<group>"; };
/* End PBXFileReference section */

/* Begin PBXFrameworksBuildPhase section */
		966EC2FF1E11FA44002E5952 /* Frameworks */ = {
			isa = PBXFrameworksBuildPhase;
			buildActionMask = 2147483647;
			files = (
			);
			runOnlyForDeploymentPostprocessing = 0;
		};
		966EC3181E11FA44002E5952 /* Frameworks */ = {
			isa = PBXFrameworksBuildPhase;
			buildActionMask = 2147483647;
			files = (
			);
			runOnlyForDeploymentPostprocessing = 0;
		};
		966EC3231E11FA44002E5952 /* Frameworks */ = {
			isa = PBXFrameworksBuildPhase;
			buildActionMask = 2147483647;
			files = (
			);
			runOnlyForDeploymentPostprocessing = 0;
		};
/* End PBXFrameworksBuildPhase section */

/* Begin PBXGroup section */
		966EC2F91E11FA44002E5952 = {
			isa = PBXGroup;
			children = (
				966EC3041E11FA44002E5952 /* searchView */,
				966EC31E1E11FA44002E5952 /* searchViewTests */,
				966EC3291E11FA44002E5952 /* searchViewUITests */,
				966EC3031E11FA44002E5952 /* Products */,
			);
			sourceTree = "<group>";
		};
		966EC3031E11FA44002E5952 /* Products */ = {
			isa = PBXGroup;
			children = (
				966EC3021E11FA44002E5952 /* searchView.app */,
				966EC31B1E11FA44002E5952 /* searchViewTests.xctest */,
				966EC3261E11FA44002E5952 /* searchViewUITests.xctest */,
			);
			name = Products;
			sourceTree = "<group>";
		};
		966EC3041E11FA44002E5952 /* searchView */ = {
			isa = PBXGroup;
			children = (
				966EC3081E11FA44002E5952 /* AppDelegate.h */,
				966EC3091E11FA44002E5952 /* AppDelegate.m */,
				966EC30B1E11FA44002E5952 /* SearchTypeViewController.h */,
				966EC30C1E11FA44002E5952 /* SearchTypeViewController.m */,
				966EC3381E11FC4E002E5952 /* PYSearch */,
				966EC30E1E11FA44002E5952 /* Main.storyboard */,
				9656D4951E13694F0044CBF2 /* WaterFLayout.h */,
				9656D4961E13694F0044CBF2 /* WaterFLayout.m */,
				966EC3111E11FA44002E5952 /* Assets.xcassets */,
				966EC3131E11FA44002E5952 /* LaunchScreen.storyboard */,
				966EC3161E11FA44002E5952 /* Info.plist */,
				966EC3051E11FA44002E5952 /* Supporting Files */,
			);
			path = searchView;
			sourceTree = "<group>";
		};
		966EC3051E11FA44002E5952 /* Supporting Files */ = {
			isa = PBXGroup;
			children = (
				966EC3061E11FA44002E5952 /* main.m */,
			);
			name = "Supporting Files";
			sourceTree = "<group>";
		};
		966EC31E1E11FA44002E5952 /* searchViewTests */ = {
			isa = PBXGroup;
			children = (
				966EC31F1E11FA44002E5952 /* searchViewTests.m */,
				966EC3211E11FA44002E5952 /* Info.plist */,
			);
			path = searchViewTests;
			sourceTree = "<group>";
		};
		966EC3291E11FA44002E5952 /* searchViewUITests */ = {
			isa = PBXGroup;
			children = (
				966EC32A1E11FA44002E5952 /* searchViewUITests.m */,
				966EC32C1E11FA44002E5952 /* Info.plist */,
			);
			path = searchViewUITests;
			sourceTree = "<group>";
		};
		966EC3381E11FC4E002E5952 /* PYSearch */ = {
			isa = PBXGroup;
			children = (
				966EC3511E1259D4002E5952 /* icon_lishi@2x.png */,
				966EC3521E1259D4002E5952 /* icon_lishi@3x.png */,
				966EC3531E1259D4002E5952 /* icon_remen@2x.png */,
				966EC3541E1259D4002E5952 /* icon_remen@3x.png */,
				966EC3591E125D2D002E5952 /* icon_del@2x.png */,
				966EC35A1E125D2D002E5952 /* icon_del@3x.png */,
				966EC33B1E11FC4E002E5952 /* PYSearch.bundle */,
				966EC33C1E11FC4E002E5952 /* PYSearch.h */,
				966EC33D1E11FC4E002E5952 /* PYSearchConst.h */,
				966EC33E1E11FC4E002E5952 /* PYSearchConst.m */,
				966EC33F1E11FC4E002E5952 /* PYSearchSuggestionViewController.h */,
				966EC3401E11FC4E002E5952 /* PYSearchSuggestionViewController.m */,
				966EC3411E11FC4E002E5952 /* PYSearchViewController.h */,
				966EC3421E11FC4E002E5952 /* PYSearchViewController.m */,
				966EC3431E11FC4E002E5952 /* PYTempViewController.h */,
				966EC3441E11FC4E002E5952 /* PYTempViewController.m */,
				966EC3451E11FC4E002E5952 /* UIColor+PYSearchExtension.h */,
				966EC3461E11FC4E002E5952 /* UIColor+PYSearchExtension.m */,
				966EC3471E11FC4E002E5952 /* UIView+PYSearchExtension.h */,
				966EC3481E11FC4E002E5952 /* UIView+PYSearchExtension.m */,
			);
			path = PYSearch;
			sourceTree = "<group>";
		};
/* End PBXGroup section */

/* Begin PBXNativeTarget section */
		966EC3011E11FA44002E5952 /* searchView */ = {
			isa = PBXNativeTarget;
			buildConfigurationList = 966EC32F1E11FA44002E5952 /* Build configuration list for PBXNativeTarget "searchView" */;
			buildPhases = (
				966EC2FE1E11FA44002E5952 /* Sources */,
				966EC2FF1E11FA44002E5952 /* Frameworks */,
				966EC3001E11FA44002E5952 /* Resources */,
			);
			buildRules = (
			);
			dependencies = (
			);
			name = searchView;
			productName = searchView;
			productReference = 966EC3021E11FA44002E5952 /* searchView.app */;
			productType = "com.apple.product-type.application";
		};
		966EC31A1E11FA44002E5952 /* searchViewTests */ = {
			isa = PBXNativeTarget;
			buildConfigurationList = 966EC3321E11FA44002E5952 /* Build configuration list for PBXNativeTarget "searchViewTests" */;
			buildPhases = (
				966EC3171E11FA44002E5952 /* Sources */,
				966EC3181E11FA44002E5952 /* Frameworks */,
				966EC3191E11FA44002E5952 /* Resources */,
			);
			buildRules = (
			);
			dependencies = (
				966EC31D1E11FA44002E5952 /* PBXTargetDependency */,
			);
			name = searchViewTests;
			productName = searchViewTests;
			productReference = 966EC31B1E11FA44002E5952 /* searchViewTests.xctest */;
			productType = "com.apple.product-type.bundle.unit-test";
		};
		966EC3251E11FA44002E5952 /* searchViewUITests */ = {
			isa = PBXNativeTarget;
			buildConfigurationList = 966EC3351E11FA44002E5952 /* Build configuration list for PBXNativeTarget "searchViewUITests" */;
			buildPhases = (
				966EC3221E11FA44002E5952 /* Sources */,
				966EC3231E11FA44002E5952 /* Frameworks */,
				966EC3241E11FA44002E5952 /* Resources */,
			);
			buildRules = (
			);
			dependencies = (
				966EC3281E11FA44002E5952 /* PBXTargetDependency */,
			);
			name = searchViewUITests;
			productName = searchViewUITests;
			productReference = 966EC3261E11FA44002E5952 /* searchViewUITests.xctest */;
			productType = "com.apple.product-type.bundle.ui-testing";
		};
/* End PBXNativeTarget section */

/* Begin PBXProject section */
		966EC2FA1E11FA44002E5952 /* Project object */ = {
			isa = PBXProject;
			attributes = {
				LastUpgradeCheck = 0820;
				ORGANIZATIONNAME = CooFree;
				TargetAttributes = {
					966EC3011E11FA44002E5952 = {
						CreatedOnToolsVersion = 8.2;
						DevelopmentTeam = ZE5CHU73D7;
						ProvisioningStyle = Automatic;
					};
					966EC31A1E11FA44002E5952 = {
						CreatedOnToolsVersion = 8.2;
						DevelopmentTeam = ZE5CHU73D7;
						ProvisioningStyle = Automatic;
						TestTargetID = 966EC3011E11FA44002E5952;
					};
					966EC3251E11FA44002E5952 = {
						CreatedOnToolsVersion = 8.2;
						DevelopmentTeam = ZE5CHU73D7;
						ProvisioningStyle = Automatic;
						TestTargetID = 966EC3011E11FA44002E5952;
					};
				};
			};
			buildConfigurationList = 966EC2FD1E11FA44002E5952 /* Build configuration list for PBXProject "searchView" */;
			compatibilityVersion = "Xcode 3.2";
			developmentRegion = English;
			hasScannedForEncodings = 0;
			knownRegions = (
				en,
				Base,
			);
			mainGroup = 966EC2F91E11FA44002E5952;
			productRefGroup = 966EC3031E11FA44002E5952 /* Products */;
			projectDirPath = "";
			projectRoot = "";
			targets = (
				966EC3011E11FA44002E5952 /* searchView */,
				966EC31A1E11FA44002E5952 /* searchViewTests */,
				966EC3251E11FA44002E5952 /* searchViewUITests */,
			);
		};
/* End PBXProject section */

/* Begin PBXResourcesBuildPhase section */
		966EC3001E11FA44002E5952 /* Resources */ = {
			isa = PBXResourcesBuildPhase;
			buildActionMask = 2147483647;
			files = (
				966EC3151E11FA44002E5952 /* LaunchScreen.storyboard in Resources */,
				966EC35B1E125D2D002E5952 /* icon_del@2x.png in Resources */,
				966EC3121E11FA44002E5952 /* Assets.xcassets in Resources */,
				966EC3561E1259D4002E5952 /* icon_lishi@3x.png in Resources */,
				966EC3571E1259D4002E5952 /* icon_remen@2x.png in Resources */,
				966EC34A1E11FC4E002E5952 /* PYSearch.bundle in Resources */,
				966EC3101E11FA44002E5952 /* Main.storyboard in Resources */,
				966EC3581E1259D4002E5952 /* icon_remen@3x.png in Resources */,
				966EC35C1E125D2D002E5952 /* icon_del@3x.png in Resources */,
				966EC3551E1259D4002E5952 /* icon_lishi@2x.png in Resources */,
			);
			runOnlyForDeploymentPostprocessing = 0;
		};
		966EC3191E11FA44002E5952 /* Resources */ = {
			isa = PBXResourcesBuildPhase;
			buildActionMask = 2147483647;
			files = (
			);
			runOnlyForDeploymentPostprocessing = 0;
		};
		966EC3241E11FA44002E5952 /* Resources */ = {
			isa = PBXResourcesBuildPhase;
			buildActionMask = 2147483647;
			files = (
			);
			runOnlyForDeploymentPostprocessing = 0;
		};
/* End PBXResourcesBuildPhase section */

/* Begin PBXSourcesBuildPhase section */
		966EC2FE1E11FA44002E5952 /* Sources */ = {
			isa = PBXSourcesBuildPhase;
			buildActionMask = 2147483647;
			files = (
				966EC34B1E11FC4E002E5952 /* PYSearchConst.m in Sources */,
				966EC30D1E11FA44002E5952 /* SearchTypeViewController.m in Sources */,
				966EC30A1E11FA44002E5952 /* AppDelegate.m in Sources */,
				966EC34F1E11FC4E002E5952 /* UIColor+PYSearchExtension.m in Sources */,
				966EC34D1E11FC4E002E5952 /* PYSearchViewController.m in Sources */,
				966EC3501E11FC4E002E5952 /* UIView+PYSearchExtension.m in Sources */,
				966EC3071E11FA44002E5952 /* main.m in Sources */,
				966EC34C1E11FC4E002E5952 /* PYSearchSuggestionViewController.m in Sources */,
				9656D4971E13694F0044CBF2 /* WaterFLayout.m in Sources */,
				966EC34E1E11FC4E002E5952 /* PYTempViewController.m in Sources */,
			);
			runOnlyForDeploymentPostprocessing = 0;
		};
		966EC3171E11FA44002E5952 /* Sources */ = {
			isa = PBXSourcesBuildPhase;
			buildActionMask = 2147483647;
			files = (
				966EC3201E11FA44002E5952 /* searchViewTests.m in Sources */,
			);
			runOnlyForDeploymentPostprocessing = 0;
		};
		966EC3221E11FA44002E5952 /* Sources */ = {
			isa = PBXSourcesBuildPhase;
			buildActionMask = 2147483647;
			files = (
				966EC32B1E11FA44002E5952 /* searchViewUITests.m in Sources */,
			);
			runOnlyForDeploymentPostprocessing = 0;
		};
/* End PBXSourcesBuildPhase section */

/* Begin PBXTargetDependency section */
		966EC31D1E11FA44002E5952 /* PBXTargetDependency */ = {
			isa = PBXTargetDependency;
			target = 966EC3011E11FA44002E5952 /* searchView */;
			targetProxy = 966EC31C1E11FA44002E5952 /* PBXContainerItemProxy */;
		};
		966EC3281E11FA44002E5952 /* PBXTargetDependency */ = {
			isa = PBXTargetDependency;
			target = 966EC3011E11FA44002E5952 /* searchView */;
			targetProxy = 966EC3271E11FA44002E5952 /* PBXContainerItemProxy */;
		};
/* End PBXTargetDependency section */

/* Begin PBXVariantGroup section */
		966EC30E1E11FA44002E5952 /* Main.storyboard */ = {
			isa = PBXVariantGroup;
			children = (
				966EC30F1E11FA44002E5952 /* Base */,
			);
			name = Main.storyboard;
			sourceTree = "<group>";
		};
		966EC3131E11FA44002E5952 /* LaunchScreen.storyboard */ = {
			isa = PBXVariantGroup;
			children = (
				966EC3141E11FA44002E5952 /* Base */,
			);
			name = LaunchScreen.storyboard;
			sourceTree = "<group>";
		};
/* End PBXVariantGroup section */

/* Begin XCBuildConfiguration section */
		966EC32D1E11FA44002E5952 /* Debug */ = {
			isa = XCBuildConfiguration;
			buildSettings = {
				ALWAYS_SEARCH_USER_PATHS = NO;
				CLANG_ANALYZER_NONNULL = YES;
				CLANG_CXX_LANGUAGE_STANDARD = "gnu++0x";
				CLANG_CXX_LIBRARY = "libc++";
				CLANG_ENABLE_MODULES = YES;
				CLANG_ENABLE_OBJC_ARC = YES;
				CLANG_WARN_BOOL_CONVERSION = YES;
				CLANG_WARN_CONSTANT_CONVERSION = YES;
				CLANG_WARN_DIRECT_OBJC_ISA_USAGE = YES_ERROR;
				CLANG_WARN_DOCUMENTATION_COMMENTS = YES;
				CLANG_WARN_EMPTY_BODY = YES;
				CLANG_WARN_ENUM_CONVERSION = YES;
				CLANG_WARN_INFINITE_RECURSION = YES;
				CLANG_WARN_INT_CONVERSION = YES;
				CLANG_WARN_OBJC_ROOT_CLASS = YES_ERROR;
				CLANG_WARN_SUSPICIOUS_MOVE = YES;
				CLANG_WARN_UNREACHABLE_CODE = YES;
				CLANG_WARN__DUPLICATE_METHOD_MATCH = YES;
				"CODE_SIGN_IDENTITY[sdk=iphoneos*]" = "iPhone Developer";
				COPY_PHASE_STRIP = NO;
				DEBUG_INFORMATION_FORMAT = dwarf;
				ENABLE_STRICT_OBJC_MSGSEND = YES;
				ENABLE_TESTABILITY = YES;
				GCC_C_LANGUAGE_STANDARD = gnu99;
				GCC_DYNAMIC_NO_PIC = NO;
				GCC_NO_COMMON_BLOCKS = YES;
				GCC_OPTIMIZATION_LEVEL = 0;
				GCC_PREPROCESSOR_DEFINITIONS = (
					"DEBUG=1",
					"$(inherited)",
				);
				GCC_WARN_64_TO_32_BIT_CONVERSION = YES;
				GCC_WARN_ABOUT_RETURN_TYPE = YES_ERROR;
				GCC_WARN_UNDECLARED_SELECTOR = YES;
				GCC_WARN_UNINITIALIZED_AUTOS = YES_AGGRESSIVE;
				GCC_WARN_UNUSED_FUNCTION = YES;
				GCC_WARN_UNUSED_VARIABLE = YES;
				IPHONEOS_DEPLOYMENT_TARGET = 10.2;
				MTL_ENABLE_DEBUG_INFO = YES;
				ONLY_ACTIVE_ARCH = YES;
				SDKROOT = iphoneos;
				TARGETED_DEVICE_FAMILY = "1,2";
			};
			name = Debug;
		};
		966EC32E1E11FA44002E5952 /* Release */ = {
			isa = XCBuildConfiguration;
			buildSettings = {
				ALWAYS_SEARCH_USER_PATHS = NO;
				CLANG_ANALYZER_NONNULL = YES;
				CLANG_CXX_LANGUAGE_STANDARD = "gnu++0x";
				CLANG_CXX_LIBRARY = "libc++";
				CLANG_ENABLE_MODULES = YES;
				CLANG_ENABLE_OBJC_ARC = YES;
				CLANG_WARN_BOOL_CONVERSION = YES;
				CLANG_WARN_CONSTANT_CONVERSION = YES;
				CLANG_WARN_DIRECT_OBJC_ISA_USAGE = YES_ERROR;
				CLANG_WARN_DOCUMENTATION_COMMENTS = YES;
				CLANG_WARN_EMPTY_BODY = YES;
				CLANG_WARN_ENUM_CONVERSION = YES;
				CLANG_WARN_INFINITE_RECURSION = YES;
				CLANG_WARN_INT_CONVERSION = YES;
				CLANG_WARN_OBJC_ROOT_CLASS = YES_ERROR;
				CLANG_WARN_SUSPICIOUS_MOVE = YES;
				CLANG_WARN_UNREACHABLE_CODE = YES;
				CLANG_WARN__DUPLICATE_METHOD_MATCH = YES;
				"CODE_SIGN_IDENTITY[sdk=iphoneos*]" = "iPhone Developer";
				COPY_PHASE_STRIP = NO;
				DEBUG_INFORMATION_FORMAT = "dwarf-with-dsym";
				ENABLE_NS_ASSERTIONS = NO;
				ENABLE_STRICT_OBJC_MSGSEND = YES;
				GCC_C_LANGUAGE_STANDARD = gnu99;
				GCC_NO_COMMON_BLOCKS = YES;
				GCC_WARN_64_TO_32_BIT_CONVERSION = YES;
				GCC_WARN_ABOUT_RETURN_TYPE = YES_ERROR;
				GCC_WARN_UNDECLARED_SELECTOR = YES;
				GCC_WARN_UNINITIALIZED_AUTOS = YES_AGGRESSIVE;
				GCC_WARN_UNUSED_FUNCTION = YES;
				GCC_WARN_UNUSED_VARIABLE = YES;
				IPHONEOS_DEPLOYMENT_TARGET = 10.2;
				MTL_ENABLE_DEBUG_INFO = NO;
				SDKROOT = iphoneos;
				TARGETED_DEVICE_FAMILY = "1,2";
				VALIDATE_PRODUCT = YES;
			};
			name = Release;
		};
		966EC3301E11FA44002E5952 /* Debug */ = {
			isa = XCBuildConfiguration;
			buildSettings = {
				ASSETCATALOG_COMPILER_APPICON_NAME = AppIcon;
				DEVELOPMENT_TEAM = ZE5CHU73D7;
				INFOPLIST_FILE = searchView/Info.plist;
				LD_RUNPATH_SEARCH_PATHS = "$(inherited) @executable_path/Frameworks";
				PRODUCT_BUNDLE_IDENTIFIER = com.CooFree.searchView;
				PRODUCT_NAME = "$(TARGET_NAME)";
			};
			name = Debug;
		};
		966EC3311E11FA44002E5952 /* Release */ = {
			isa = XCBuildConfiguration;
			buildSettings = {
				ASSETCATALOG_COMPILER_APPICON_NAME = AppIcon;
				DEVELOPMENT_TEAM = ZE5CHU73D7;
				INFOPLIST_FILE = searchView/Info.plist;
				LD_RUNPATH_SEARCH_PATHS = "$(inherited) @executable_path/Frameworks";
				PRODUCT_BUNDLE_IDENTIFIER = com.CooFree.searchView;
				PRODUCT_NAME = "$(TARGET_NAME)";
			};
			name = Release;
		};
		966EC3331E11FA44002E5952 /* Debug */ = {
			isa = XCBuildConfiguration;
			buildSettings = {
				BUNDLE_LOADER = "$(TEST_HOST)";
				DEVELOPMENT_TEAM = ZE5CHU73D7;
				INFOPLIST_FILE = searchViewTests/Info.plist;
				LD_RUNPATH_SEARCH_PATHS = "$(inherited) @executable_path/Frameworks @loader_path/Frameworks";
				PRODUCT_BUNDLE_IDENTIFIER = com.CooFree.searchViewTests;
				PRODUCT_NAME = "$(TARGET_NAME)";
				TEST_HOST = "$(BUILT_PRODUCTS_DIR)/searchView.app/searchView";
			};
			name = Debug;
		};
		966EC3341E11FA44002E5952 /* Release */ = {
			isa = XCBuildConfiguration;
			buildSettings = {
				BUNDLE_LOADER = "$(TEST_HOST)";
				DEVELOPMENT_TEAM = ZE5CHU73D7;
				INFOPLIST_FILE = searchViewTests/Info.plist;
				LD_RUNPATH_SEARCH_PATHS = "$(inherited) @executable_path/Frameworks @loader_path/Frameworks";
				PRODUCT_BUNDLE_IDENTIFIER = com.CooFree.searchViewTests;
				PRODUCT_NAME = "$(TARGET_NAME)";
				TEST_HOST = "$(BUILT_PRODUCTS_DIR)/searchView.app/searchView";
			};
			name = Release;
		};
		966EC3361E11FA44002E5952 /* Debug */ = {
			isa = XCBuildConfiguration;
			buildSettings = {
				DEVELOPMENT_TEAM = ZE5CHU73D7;
				INFOPLIST_FILE = searchViewUITests/Info.plist;
				LD_RUNPATH_SEARCH_PATHS = "$(inherited) @executable_path/Frameworks @loader_path/Frameworks";
				PRODUCT_BUNDLE_IDENTIFIER = com.CooFree.searchViewUITests;
				PRODUCT_NAME = "$(TARGET_NAME)";
				TEST_TARGET_NAME = searchView;
			};
			name = Debug;
		};
		966EC3371E11FA44002E5952 /* Release */ = {
			isa = XCBuildConfiguration;
			buildSettings = {
				DEVELOPMENT_TEAM = ZE5CHU73D7;
				INFOPLIST_FILE = searchViewUITests/Info.plist;
				LD_RUNPATH_SEARCH_PATHS = "$(inherited) @executable_path/Frameworks @loader_path/Frameworks";
				PRODUCT_BUNDLE_IDENTIFIER = com.CooFree.searchViewUITests;
				PRODUCT_NAME = "$(TARGET_NAME)";
				TEST_TARGET_NAME = searchView;
			};
			name = Release;
		};
/* End XCBuildConfiguration section */

/* Begin XCConfigurationList section */
		966EC2FD1E11FA44002E5952 /* Build configuration list for PBXProject "searchView" */ = {
			isa = XCConfigurationList;
			buildConfigurations = (
				966EC32D1E11FA44002E5952 /* Debug */,
				966EC32E1E11FA44002E5952 /* Release */,
			);
			defaultConfigurationIsVisible = 0;
			defaultConfigurationName = Release;
		};
		966EC32F1E11FA44002E5952 /* Build configuration list for PBXNativeTarget "searchView" */ = {
			isa = XCConfigurationList;
			buildConfigurations = (
				966EC3301E11FA44002E5952 /* Debug */,
				966EC3311E11FA44002E5952 /* Release */,
			);
			defaultConfigurationIsVisible = 0;
			defaultConfigurationName = Release;
		};
		966EC3321E11FA44002E5952 /* Build configuration list for PBXNativeTarget "searchViewTests" */ = {
			isa = XCConfigurationList;
			buildConfigurations = (
				966EC3331E11FA44002E5952 /* Debug */,
				966EC3341E11FA44002E5952 /* Release */,
			);
			defaultConfigurationIsVisible = 0;
			defaultConfigurationName = Release;
		};
		966EC3351E11FA44002E5952 /* Build configuration list for PBXNativeTarget "searchViewUITests" */ = {
			isa = XCConfigurationList;
			buildConfigurations = (
				966EC3361E11FA44002E5952 /* Debug */,
				966EC3371E11FA44002E5952 /* Release */,
			);
			defaultConfigurationIsVisible = 0;
			defaultConfigurationName = Release;
		};
/* End XCConfigurationList section */
	};
	rootObject = 966EC2FA1E11FA44002E5952 /* Project object */;
}
